// !$*UTF8*$!
{
	archiveVersion = 1;
	classes = {
	};
	objectVersion = 51;
	objects = {

/* Begin PBXBuildFile section */
		2D064E6EA3C1E5552E9B2436 /* Pods_ToDoListFinal.framework in Frameworks */ = {isa = PBXBuildFile; fileRef = D2D2CF9533B2328A75D536F5 /* Pods_ToDoListFinal.framework */; };
		3737D113231C9D2600E91BA1 /* GoogleService-Info.plist in Resources */ = {isa = PBXBuildFile; fileRef = 3737D112231C9D2600E91BA1 /* GoogleService-Info.plist */; };
		379A7AFC22E56F5600177777 /* TaskCell.swift in Sources */ = {isa = PBXBuildFile; fileRef = 379A7AFB22E56F5600177777 /* TaskCell.swift */; };
		37D64277232A1C060023D310 /* NotesViewController.swift in Sources */ = {isa = PBXBuildFile; fileRef = 37D64276232A1C060023D310 /* NotesViewController.swift */; };
		37F0486122E36DFB00C21162 /* AppDelegate.swift in Sources */ = {isa = PBXBuildFile; fileRef = 37F0486022E36DFB00C21162 /* AppDelegate.swift */; };
		37F0486322E36DFB00C21162 /* ViewController.swift in Sources */ = {isa = PBXBuildFile; fileRef = 37F0486222E36DFB00C21162 /* ViewController.swift */; };
		37F0486622E36DFB00C21162 /* Main.storyboard in Resources */ = {isa = PBXBuildFile; fileRef = 37F0486422E36DFB00C21162 /* Main.storyboard */; };
		37F0486822E36DFD00C21162 /* Assets.xcassets in Resources */ = {isa = PBXBuildFile; fileRef = 37F0486722E36DFD00C21162 /* Assets.xcassets */; };
		37F0486B22E36DFD00C21162 /* LaunchScreen.storyboard in Resources */ = {isa = PBXBuildFile; fileRef = 37F0486922E36DFD00C21162 /* LaunchScreen.storyboard */; };
		37F0487622E36DFD00C21162 /* ToDoListFinalTests.swift in Sources */ = {isa = PBXBuildFile; fileRef = 37F0487522E36DFD00C21162 /* ToDoListFinalTests.swift */; };
		37F0488122E36DFD00C21162 /* ToDoListFinalUITests.swift in Sources */ = {isa = PBXBuildFile; fileRef = 37F0488022E36DFD00C21162 /* ToDoListFinalUITests.swift */; };
		37F0489322E374FD00C21162 /* AddTaskController.swift in Sources */ = {isa = PBXBuildFile; fileRef = 37F0489222E374FD00C21162 /* AddTaskController.swift */; };
		37F5DB94237EDF9A004D68EB /* CategoryViewController.swift in Sources */ = {isa = PBXBuildFile; fileRef = 37F5DB93237EDF9A004D68EB /* CategoryViewController.swift */; };
		37F5DB96237EDFD0004D68EB /* AddFolderViewController.swift in Sources */ = {isa = PBXBuildFile; fileRef = 37F5DB95237EDFD0004D68EB /* AddFolderViewController.swift */; };
		3B0B6EF51AEAA2EB9D0AB0FF /* Pods_ToDoListFinalTests.framework in Frameworks */ = {isa = PBXBuildFile; fileRef = 8B3F495DE6E3AC289FFD7328 /* Pods_ToDoListFinalTests.framework */; };
		693EDF1923A4A07500948F0D /* folderCell.swift in Sources */ = {isa = PBXBuildFile; fileRef = 693EDF1823A4A07500948F0D /* folderCell.swift */; };
		6988E51B23ADC23100CD0589 /* READMECSIA.txt in Resources */ = {isa = PBXBuildFile; fileRef = 6988E51A23ADC23100CD0589 /* READMECSIA.txt */; };
		8E191F90F19287A9B7AA34C4 /* Pods_ToDoListFinalUITests.framework in Frameworks */ = {isa = PBXBuildFile; fileRef = 19FC7630FBB750F55874D77F /* Pods_ToDoListFinalUITests.framework */; };
/* End PBXBuildFile section */

/* Begin PBXContainerItemProxy section */
		37F0487222E36DFD00C21162 /* PBXContainerItemProxy */ = {
			isa = PBXContainerItemProxy;
			containerPortal = 37F0485522E36DFB00C21162 /* Project object */;
			proxyType = 1;
			remoteGlobalIDString = 37F0485C22E36DFB00C21162;
			remoteInfo = ToDoListFinal;
		};
		37F0487D22E36DFD00C21162 /* PBXContainerItemProxy */ = {
			isa = PBXContainerItemProxy;
			containerPortal = 37F0485522E36DFB00C21162 /* Project object */;
			proxyType = 1;
			remoteGlobalIDString = 37F0485C22E36DFB00C21162;
			remoteInfo = ToDoListFinal;
		};
/* End PBXContainerItemProxy section */

/* Begin PBXFileReference section */
		10C586A9DB1AFDA02B7E116F /* Pods-ToDoListFinalTests.debug.xcconfig */ = {isa = PBXFileReference; includeInIndex = 1; lastKnownFileType = text.xcconfig; name = "Pods-ToDoListFinalTests.debug.xcconfig"; path = "Target Support Files/Pods-ToDoListFinalTests/Pods-ToDoListFinalTests.debug.xcconfig"; sourceTree = "<group>"; };
		19FC7630FBB750F55874D77F /* Pods_ToDoListFinalUITests.framework */ = {isa = PBXFileReference; explicitFileType = wrapper.framework; includeInIndex = 0; path = Pods_ToDoListFinalUITests.framework; sourceTree = BUILT_PRODUCTS_DIR; };
		3737D112231C9D2600E91BA1 /* GoogleService-Info.plist */ = {isa = PBXFileReference; fileEncoding = 4; lastKnownFileType = text.plist.xml; name = "GoogleService-Info.plist"; path = "../../../Desktop/GoogleService-Info.plist"; sourceTree = "<group>"; };
		379A7AFB22E56F5600177777 /* TaskCell.swift */ = {isa = PBXFileReference; lastKnownFileType = sourcecode.swift; path = TaskCell.swift; sourceTree = "<group>"; };
		37D64276232A1C060023D310 /* NotesViewController.swift */ = {isa = PBXFileReference; lastKnownFileType = sourcecode.swift; path = NotesViewController.swift; sourceTree = "<group>"; };
		37F0485D22E36DFB00C21162 /* ToDoListFinal.app */ = {isa = PBXFileReference; explicitFileType = wrapper.application; includeInIndex = 0; path = ToDoListFinal.app; sourceTree = BUILT_PRODUCTS_DIR; };
		37F0486022E36DFB00C21162 /* AppDelegate.swift */ = {isa = PBXFileReference; lastKnownFileType = sourcecode.swift; path = AppDelegate.swift; sourceTree = "<group>"; };
		37F0486222E36DFB00C21162 /* ViewController.swift */ = {isa = PBXFileReference; lastKnownFileType = sourcecode.swift; path = ViewController.swift; sourceTree = "<group>"; };
		37F0486522E36DFB00C21162 /* Base */ = {isa = PBXFileReference; lastKnownFileType = file.storyboard; name = Base; path = Base.lproj/Main.storyboard; sourceTree = "<group>"; };
		37F0486722E36DFD00C21162 /* Assets.xcassets */ = {isa = PBXFileReference; lastKnownFileType = folder.assetcatalog; path = Assets.xcassets; sourceTree = "<group>"; };
		37F0486A22E36DFD00C21162 /* Base */ = {isa = PBXFileReference; lastKnownFileType = file.storyboard; name = Base; path = Base.lproj/LaunchScreen.storyboard; sourceTree = "<group>"; };
		37F0486C22E36DFD00C21162 /* Info.plist */ = {isa = PBXFileReference; lastKnownFileType = text.plist.xml; path = Info.plist; sourceTree = "<group>"; };
		37F0487122E36DFD00C21162 /* ToDoListFinalTests.xctest */ = {isa = PBXFileReference; explicitFileType = wrapper.cfbundle; includeInIndex = 0; path = ToDoListFinalTests.xctest; sourceTree = BUILT_PRODUCTS_DIR; };
		37F0487522E36DFD00C21162 /* ToDoListFinalTests.swift */ = {isa = PBXFileReference; lastKnownFileType = sourcecode.swift; path = ToDoListFinalTests.swift; sourceTree = "<group>"; };
		37F0487722E36DFD00C21162 /* Info.plist */ = {isa = PBXFileReference; lastKnownFileType = text.plist.xml; path = Info.plist; sourceTree = "<group>"; };
		37F0487C22E36DFD00C21162 /* ToDoListFinalUITests.xctest */ = {isa = PBXFileReference; explicitFileType = wrapper.cfbundle; includeInIndex = 0; path = ToDoListFinalUITests.xctest; sourceTree = BUILT_PRODUCTS_DIR; };
		37F0488022E36DFD00C21162 /* ToDoListFinalUITests.swift */ = {isa = PBXFileReference; lastKnownFileType = sourcecode.swift; path = ToDoListFinalUITests.swift; sourceTree = "<group>"; };
		37F0488222E36DFD00C21162 /* Info.plist */ = {isa = PBXFileReference; lastKnownFileType = text.plist.xml; path = Info.plist; sourceTree = "<group>"; };
		37F0489222E374FD00C21162 /* AddTaskController.swift */ = {isa = PBXFileReference; lastKnownFileType = sourcecode.swift; path = AddTaskController.swift; sourceTree = "<group>"; };
		37F5DB93237EDF9A004D68EB /* CategoryViewController.swift */ = {isa = PBXFileReference; lastKnownFileType = sourcecode.swift; path = CategoryViewController.swift; sourceTree = "<group>"; };
		37F5DB95237EDFD0004D68EB /* AddFolderViewController.swift */ = {isa = PBXFileReference; lastKnownFileType = sourcecode.swift; path = AddFolderViewController.swift; sourceTree = "<group>"; };
		5CB9700FFE760C16FD659739 /* Pods-ToDoListFinalUITests.debug.xcconfig */ = {isa = PBXFileReference; includeInIndex = 1; lastKnownFileType = text.xcconfig; name = "Pods-ToDoListFinalUITests.debug.xcconfig"; path = "Target Support Files/Pods-ToDoListFinalUITests/Pods-ToDoListFinalUITests.debug.xcconfig"; sourceTree = "<group>"; };
		693EDF1823A4A07500948F0D /* folderCell.swift */ = {isa = PBXFileReference; lastKnownFileType = sourcecode.swift; path = folderCell.swift; sourceTree = "<group>"; };
		6988E51A23ADC23100CD0589 /* READMECSIA.txt */ = {isa = PBXFileReference; fileEncoding = 4; lastKnownFileType = text; name = READMECSIA.txt; path = ../../../Desktop/READMECSIA.txt; sourceTree = "<group>"; };
		8B3F495DE6E3AC289FFD7328 /* Pods_ToDoListFinalTests.framework */ = {isa = PBXFileReference; explicitFileType = wrapper.framework; includeInIndex = 0; path = Pods_ToDoListFinalTests.framework; sourceTree = BUILT_PRODUCTS_DIR; };
		CC693BA19FC7653F73807192 /* Pods-ToDoListFinal.debug.xcconfig */ = {isa = PBXFileReference; includeInIndex = 1; lastKnownFileType = text.xcconfig; name = "Pods-ToDoListFinal.debug.xcconfig"; path = "Target Support Files/Pods-ToDoListFinal/Pods-ToDoListFinal.debug.xcconfig"; sourceTree = "<group>"; };
		D2D2CF9533B2328A75D536F5 /* Pods_ToDoListFinal.framework */ = {isa = PBXFileReference; explicitFileType = wrapper.framework; includeInIndex = 0; path = Pods_ToDoListFinal.framework; sourceTree = BUILT_PRODUCTS_DIR; };
		D4B96222AE76E59A6751379D /* Pods-ToDoListFinalUITests.release.xcconfig */ = {isa = PBXFileReference; includeInIndex = 1; lastKnownFileType = text.xcconfig; name = "Pods-ToDoListFinalUITests.release.xcconfig"; path = "Target Support Files/Pods-ToDoListFinalUITests/Pods-ToDoListFinalUITests.release.xcconfig"; sourceTree = "<group>"; };
		DD499AA466A8B1FA503C8E54 /* Pods-ToDoListFinal.release.xcconfig */ = {isa = PBXFileReference; includeInIndex = 1; lastKnownFileType = text.xcconfig; name = "Pods-ToDoListFinal.release.xcconfig"; path = "Target Support Files/Pods-ToDoListFinal/Pods-ToDoListFinal.release.xcconfig"; sourceTree = "<group>"; };
		FD81EA0DEB6F7C85ACE0C46D /* Pods-ToDoListFinalTests.release.xcconfig */ = {isa = PBXFileReference; includeInIndex = 1; lastKnownFileType = text.xcconfig; name = "Pods-ToDoListFinalTests.release.xcconfig"; path = "Target Support Files/Pods-ToDoListFinalTests/Pods-ToDoListFinalTests.release.xcconfig"; sourceTree = "<group>"; };
/* End PBXFileReference section */

/* Begin PBXFrameworksBuildPhase section */
		37F0485A22E36DFB00C21162 /* Frameworks */ = {
			isa = PBXFrameworksBuildPhase;
			buildActionMask = 2147483647;
			files = (
				2D064E6EA3C1E5552E9B2436 /* Pods_ToDoListFinal.framework in Frameworks */,
			);
			runOnlyForDeploymentPostprocessing = 0;
		};
		37F0486E22E36DFD00C21162 /* Frameworks */ = {
			isa = PBXFrameworksBuildPhase;
			buildActionMask = 2147483647;
			files = (
				3B0B6EF51AEAA2EB9D0AB0FF /* Pods_ToDoListFinalTests.framework in Frameworks */,
			);
			runOnlyForDeploymentPostprocessing = 0;
		};
		37F0487922E36DFD00C21162 /* Frameworks */ = {
			isa = PBXFrameworksBuildPhase;
			buildActionMask = 2147483647;
			files = (
				8E191F90F19287A9B7AA34C4 /* Pods_ToDoListFinalUITests.framework in Frameworks */,
			);
			runOnlyForDeploymentPostprocessing = 0;
		};
/* End PBXFrameworksBuildPhase section */

/* Begin PBXGroup section */
		37F0485422E36DFB00C21162 = {
			isa = PBXGroup;
			children = (
				37F0485F22E36DFB00C21162 /* ToDoListFinal */,
				37F0487422E36DFD00C21162 /* ToDoListFinalTests */,
				37F0487F22E36DFD00C21162 /* ToDoListFinalUITests */,
				37F0485E22E36DFB00C21162 /* Products */,
				BFB90571F8C6C573232EBD41 /* Pods */,
				4BFA43D5BB67BAA3CD7BAE0F /* Frameworks */,
			);
			sourceTree = "<group>";
		};
		37F0485E22E36DFB00C21162 /* Products */ = {
			isa = PBXGroup;
			children = (
				37F0485D22E36DFB00C21162 /* ToDoListFinal.app */,
				37F0487122E36DFD00C21162 /* ToDoListFinalTests.xctest */,
				37F0487C22E36DFD00C21162 /* ToDoListFinalUITests.xctest */,
			);
			name = Products;
			sourceTree = "<group>";
		};
		37F0485F22E36DFB00C21162 /* ToDoListFinal */ = {
			isa = PBXGroup;
			children = (
				3737D112231C9D2600E91BA1 /* GoogleService-Info.plist */,
				37F0486022E36DFB00C21162 /* AppDelegate.swift */,
				37F0486222E36DFB00C21162 /* ViewController.swift */,
				37F0486422E36DFB00C21162 /* Main.storyboard */,
				693EDF1823A4A07500948F0D /* folderCell.swift */,
				37F5DB95237EDFD0004D68EB /* AddFolderViewController.swift */,
				37F5DB93237EDF9A004D68EB /* CategoryViewController.swift */,
				379A7AFB22E56F5600177777 /* TaskCell.swift */,
				37F0489222E374FD00C21162 /* AddTaskController.swift */,
				37F0486722E36DFD00C21162 /* Assets.xcassets */,
				37F0486922E36DFD00C21162 /* LaunchScreen.storyboard */,
				37F0486C22E36DFD00C21162 /* Info.plist */,
				37D64276232A1C060023D310 /* NotesViewController.swift */,
				6988E51A23ADC23100CD0589 /* READMECSIA.txt */,
			);
			path = ToDoListFinal;
			sourceTree = "<group>";
		};
		37F0487422E36DFD00C21162 /* ToDoListFinalTests */ = {
			isa = PBXGroup;
			children = (
				37F0487522E36DFD00C21162 /* ToDoListFinalTests.swift */,
				37F0487722E36DFD00C21162 /* Info.plist */,
			);
			path = ToDoListFinalTests;
			sourceTree = "<group>";
		};
		37F0487F22E36DFD00C21162 /* ToDoListFinalUITests */ = {
			isa = PBXGroup;
			children = (
				37F0488022E36DFD00C21162 /* ToDoListFinalUITests.swift */,
				37F0488222E36DFD00C21162 /* Info.plist */,
			);
			path = ToDoListFinalUITests;
			sourceTree = "<group>";
		};
		4BFA43D5BB67BAA3CD7BAE0F /* Frameworks */ = {
			isa = PBXGroup;
			children = (
				D2D2CF9533B2328A75D536F5 /* Pods_ToDoListFinal.framework */,
				8B3F495DE6E3AC289FFD7328 /* Pods_ToDoListFinalTests.framework */,
				19FC7630FBB750F55874D77F /* Pods_ToDoListFinalUITests.framework */,
			);
			name = Frameworks;
			sourceTree = "<group>";
		};
		BFB90571F8C6C573232EBD41 /* Pods */ = {
			isa = PBXGroup;
			children = (
				CC693BA19FC7653F73807192 /* Pods-ToDoListFinal.debug.xcconfig */,
				DD499AA466A8B1FA503C8E54 /* Pods-ToDoListFinal.release.xcconfig */,
				10C586A9DB1AFDA02B7E116F /* Pods-ToDoListFinalTests.debug.xcconfig */,
				FD81EA0DEB6F7C85ACE0C46D /* Pods-ToDoListFinalTests.release.xcconfig */,
				5CB9700FFE760C16FD659739 /* Pods-ToDoListFinalUITests.debug.xcconfig */,
				D4B96222AE76E59A6751379D /* Pods-ToDoListFinalUITests.release.xcconfig */,
			);
			path = Pods;
			sourceTree = "<group>";
		};
/* End PBXGroup section */

/* Begin PBXNativeTarget section */
		37F0485C22E36DFB00C21162 /* ToDoListFinal */ = {
			isa = PBXNativeTarget;
			buildConfigurationList = 37F0488522E36DFD00C21162 /* Build configuration list for PBXNativeTarget "ToDoListFinal" */;
			buildPhases = (
				F6F1CE29DC4EF5052EBF3B3E /* [CP] Check Pods Manifest.lock */,
				37F0485922E36DFB00C21162 /* Sources */,
				37F0485A22E36DFB00C21162 /* Frameworks */,
				37F0485B22E36DFB00C21162 /* Resources */,
				BE29564136540A7DE23535A8 /* [CP] Embed Pods Frameworks */,
			);
			buildRules = (
			);
			dependencies = (
			);
			name = ToDoListFinal;
			productName = ToDoListFinal;
			productReference = 37F0485D22E36DFB00C21162 /* ToDoListFinal.app */;
			productType = "com.apple.product-type.application";
		};
		37F0487022E36DFD00C21162 /* ToDoListFinalTests */ = {
			isa = PBXNativeTarget;
			buildConfigurationList = 37F0488822E36DFD00C21162 /* Build configuration list for PBXNativeTarget "ToDoListFinalTests" */;
			buildPhases = (
				371CE40B42BB100E72849674 /* [CP] Check Pods Manifest.lock */,
				37F0486D22E36DFD00C21162 /* Sources */,
				37F0486E22E36DFD00C21162 /* Frameworks */,
				37F0486F22E36DFD00C21162 /* Resources */,
			);
			buildRules = (
			);
			dependencies = (
				37F0487322E36DFD00C21162 /* PBXTargetDependency */,
			);
			name = ToDoListFinalTests;
			productName = ToDoListFinalTests;
			productReference = 37F0487122E36DFD00C21162 /* ToDoListFinalTests.xctest */;
			productType = "com.apple.product-type.bundle.unit-test";
		};
		37F0487B22E36DFD00C21162 /* ToDoListFinalUITests */ = {
			isa = PBXNativeTarget;
			buildConfigurationList = 37F0488B22E36DFD00C21162 /* Build configuration list for PBXNativeTarget "ToDoListFinalUITests" */;
			buildPhases = (
				EAD9E850BF9D5CFF6F7C4B39 /* [CP] Check Pods Manifest.lock */,
				37F0487822E36DFD00C21162 /* Sources */,
				37F0487922E36DFD00C21162 /* Frameworks */,
				37F0487A22E36DFD00C21162 /* Resources */,
			);
			buildRules = (
			);
			dependencies = (
				37F0487E22E36DFD00C21162 /* PBXTargetDependency */,
			);
			name = ToDoListFinalUITests;
			productName = ToDoListFinalUITests;
			productReference = 37F0487C22E36DFD00C21162 /* ToDoListFinalUITests.xctest */;
			productType = "com.apple.product-type.bundle.ui-testing";
		};
/* End PBXNativeTarget section */

/* Begin PBXProject section */
		37F0485522E36DFB00C21162 /* Project object */ = {
			isa = PBXProject;
			attributes = {
				LastSwiftUpdateCheck = 1020;
				LastUpgradeCheck = 1020;
				ORGANIZATIONNAME = "Cindy Yang";
				TargetAttributes = {
					37F0485C22E36DFB00C21162 = {
						CreatedOnToolsVersion = 10.2.1;
					};
					37F0487022E36DFD00C21162 = {
						CreatedOnToolsVersion = 10.2.1;
						TestTargetID = 37F0485C22E36DFB00C21162;
					};
					37F0487B22E36DFD00C21162 = {
						CreatedOnToolsVersion = 10.2.1;
						TestTargetID = 37F0485C22E36DFB00C21162;
					};
				};
			};
			buildConfigurationList = 37F0485822E36DFB00C21162 /* Build configuration list for PBXProject "ToDoListFinal" */;
			compatibilityVersion = "Xcode 9.3";
			developmentRegion = en;
			hasScannedForEncodings = 0;
			knownRegions = (
				en,
				Base,
			);
			mainGroup = 37F0485422E36DFB00C21162;
			productRefGroup = 37F0485E22E36DFB00C21162 /* Products */;
			projectDirPath = "";
			projectRoot = "";
			targets = (
				37F0485C22E36DFB00C21162 /* ToDoListFinal */,
				37F0487022E36DFD00C21162 /* ToDoListFinalTests */,
				37F0487B22E36DFD00C21162 /* ToDoListFinalUITests */,
			);
		};
/* End PBXProject section */

/* Begin PBXResourcesBuildPhase section */
		37F0485B22E36DFB00C21162 /* Resources */ = {
			isa = PBXResourcesBuildPhase;
			buildActionMask = 2147483647;
			files = (
				37F0486B22E36DFD00C21162 /* LaunchScreen.storyboard in Resources */,
				6988E51B23ADC23100CD0589 /* READMECSIA.txt in Resources */,
				3737D113231C9D2600E91BA1 /* GoogleService-Info.plist in Resources */,
				37F0486822E36DFD00C21162 /* Assets.xcassets in Resources */,
				37F0486622E36DFB00C21162 /* Main.storyboard in Resources */,
			);
			runOnlyForDeploymentPostprocessing = 0;
		};
		37F0486F22E36DFD00C21162 /* Resources */ = {
			isa = PBXResourcesBuildPhase;
			buildActionMask = 2147483647;
			files = (
			);
			runOnlyForDeploymentPostprocessing = 0;
		};
		37F0487A22E36DFD00C21162 /* Resources */ = {
			isa = PBXResourcesBuildPhase;
			buildActionMask = 2147483647;
			files = (
			);
			runOnlyForDeploymentPostprocessing = 0;
		};
/* End PBXResourcesBuildPhase section */

/* Begin PBXShellScriptBuildPhase section */
		371CE40B42BB100E72849674 /* [CP] Check Pods Manifest.lock */ = {
			isa = PBXShellScriptBuildPhase;
			buildActionMask = 2147483647;
			files = (
			);
			inputFileListPaths = (
			);
			inputPaths = (
				"${PODS_PODFILE_DIR_PATH}/Podfile.lock",
				"${PODS_ROOT}/Manifest.lock",
			);
			name = "[CP] Check Pods Manifest.lock";
			outputFileListPaths = (
			);
			outputPaths = (
				"$(DERIVED_FILE_DIR)/Pods-ToDoListFinalTests-checkManifestLockResult.txt",
			);
			runOnlyForDeploymentPostprocessing = 0;
			shellPath = /bin/sh;
			shellScript = "diff \"${PODS_PODFILE_DIR_PATH}/Podfile.lock\" \"${PODS_ROOT}/Manifest.lock\" > /dev/null\nif [ $? != 0 ] ; then\n    # print error to STDERR\n    echo \"error: The sandbox is not in sync with the Podfile.lock. Run 'pod install' or update your CocoaPods installation.\" >&2\n    exit 1\nfi\n# This output is used by Xcode 'outputs' to avoid re-running this script phase.\necho \"SUCCESS\" > \"${SCRIPT_OUTPUT_FILE_0}\"\n";
			showEnvVarsInLog = 0;
		};
		BE29564136540A7DE23535A8 /* [CP] Embed Pods Frameworks */ = {
			isa = PBXShellScriptBuildPhase;
			buildActionMask = 2147483647;
			files = (
			);
			inputFileListPaths = (
				"${PODS_ROOT}/Target Support Files/Pods-ToDoListFinal/Pods-ToDoListFinal-frameworks-${CONFIGURATION}-input-files.xcfilelist",
			);
			name = "[CP] Embed Pods Frameworks";
			outputFileListPaths = (
				"${PODS_ROOT}/Target Support Files/Pods-ToDoListFinal/Pods-ToDoListFinal-frameworks-${CONFIGURATION}-output-files.xcfilelist",
			);
			runOnlyForDeploymentPostprocessing = 0;
			shellPath = /bin/sh;
			shellScript = "\"${PODS_ROOT}/Target Support Files/Pods-ToDoListFinal/Pods-ToDoListFinal-frameworks.sh\"\n";
			showEnvVarsInLog = 0;
		};
		EAD9E850BF9D5CFF6F7C4B39 /* [CP] Check Pods Manifest.lock */ = {
			isa = PBXShellScriptBuildPhase;
			buildActionMask = 2147483647;
			files = (
			);
			inputFileListPaths = (
			);
			inputPaths = (
				"${PODS_PODFILE_DIR_PATH}/Podfile.lock",
				"${PODS_ROOT}/Manifest.lock",
			);
			name = "[CP] Check Pods Manifest.lock";
			outputFileListPaths = (
			);
			outputPaths = (
				"$(DERIVED_FILE_DIR)/Pods-ToDoListFinalUITests-checkManifestLockResult.txt",
			);
			runOnlyForDeploymentPostprocessing = 0;
			shellPath = /bin/sh;
			shellScript = "diff \"${PODS_PODFILE_DIR_PATH}/Podfile.lock\" \"${PODS_ROOT}/Manifest.lock\" > /dev/null\nif [ $? != 0 ] ; then\n    # print error to STDERR\n    echo \"error: The sandbox is not in sync with the Podfile.lock. Run 'pod install' or update your CocoaPods installation.\" >&2\n    exit 1\nfi\n# This output is used by Xcode 'outputs' to avoid re-running this script phase.\necho \"SUCCESS\" > \"${SCRIPT_OUTPUT_FILE_0}\"\n";
			showEnvVarsInLog = 0;
		};
		F6F1CE29DC4EF5052EBF3B3E /* [CP] Check Pods Manifest.lock */ = {
			isa = PBXShellScriptBuildPhase;
			buildActionMask = 2147483647;
			files = (
			);
			inputFileListPaths = (
			);
			inputPaths = (
				"${PODS_PODFILE_DIR_PATH}/Podfile.lock",
				"${PODS_ROOT}/Manifest.lock",
			);
			name = "[CP] Check Pods Manifest.lock";
			outputFileListPaths = (
			);
			outputPaths = (
				"$(DERIVED_FILE_DIR)/Pods-ToDoListFinal-checkManifestLockResult.txt",
			);
			runOnlyForDeploymentPostprocessing = 0;
			shellPath = /bin/sh;
			shellScript = "diff \"${PODS_PODFILE_DIR_PATH}/Podfile.lock\" \"${PODS_ROOT}/Manifest.lock\" > /dev/null\nif [ $? != 0 ] ; then\n    # print error to STDERR\n    echo \"error: The sandbox is not in sync with the Podfile.lock. Run 'pod install' or update your CocoaPods installation.\" >&2\n    exit 1\nfi\n# This output is used by Xcode 'outputs' to avoid re-running this script phase.\necho \"SUCCESS\" > \"${SCRIPT_OUTPUT_FILE_0}\"\n";
			showEnvVarsInLog = 0;
		};
/* End PBXShellScriptBuildPhase section */

/* Begin PBXSourcesBuildPhase section */
		37F0485922E36DFB00C21162 /* Sources */ = {
			isa = PBXSourcesBuildPhase;
			buildActionMask = 2147483647;
			files = (
				379A7AFC22E56F5600177777 /* TaskCell.swift in Sources */,
				37D64277232A1C060023D310 /* NotesViewController.swift in Sources */,
				37F0486322E36DFB00C21162 /* ViewController.swift in Sources */,
				37F0489322E374FD00C21162 /* AddTaskController.swift in Sources */,
				37F5DB94237EDF9A004D68EB /* CategoryViewController.swift in Sources */,
				37F0486122E36DFB00C21162 /* AppDelegate.swift in Sources */,
				37F5DB96237EDFD0004D68EB /* AddFolderViewController.swift in Sources */,
				693EDF1923A4A07500948F0D /* folderCell.swift in Sources */,
			);
			runOnlyForDeploymentPostprocessing = 0;
		};
		37F0486D22E36DFD00C21162 /* Sources */ = {
			isa = PBXSourcesBuildPhase;
			buildActionMask = 2147483647;
			files = (
				37F0487622E36DFD00C21162 /* ToDoListFinalTests.swift in Sources */,
			);
			runOnlyForDeploymentPostprocessing = 0;
		};
		37F0487822E36DFD00C21162 /* Sources */ = {
			isa = PBXSourcesBuildPhase;
			buildActionMask = 2147483647;
			files = (
				37F0488122E36DFD00C21162 /* ToDoListFinalUITests.swift in Sources */,
			);
			runOnlyForDeploymentPostprocessing = 0;
		};
/* End PBXSourcesBuildPhase section */

/* Begin PBXTargetDependency section */
		37F0487322E36DFD00C21162 /* PBXTargetDependency */ = {
			isa = PBXTargetDependency;
			target = 37F0485C22E36DFB00C21162 /* ToDoListFinal */;
			targetProxy = 37F0487222E36DFD00C21162 /* PBXContainerItemProxy */;
		};
		37F0487E22E36DFD00C21162 /* PBXTargetDependency */ = {
			isa = PBXTargetDependency;
			target = 37F0485C22E36DFB00C21162 /* ToDoListFinal */;
			targetProxy = 37F0487D22E36DFD00C21162 /* PBXContainerItemProxy */;
		};
/* End PBXTargetDependency section */

/* Begin PBXVariantGroup section */
		37F0486422E36DFB00C21162 /* Main.storyboard */ = {
			isa = PBXVariantGroup;
			children = (
				37F0486522E36DFB00C21162 /* Base */,
			);
			name = Main.storyboard;
			sourceTree = "<group>";
		};
		37F0486922E36DFD00C21162 /* LaunchScreen.storyboard */ = {
			isa = PBXVariantGroup;
			children = (
				37F0486A22E36DFD00C21162 /* Base */,
			);
			name = LaunchScreen.storyboard;
			sourceTree = "<group>";
		};
/* End PBXVariantGroup section */

/* Begin XCBuildConfiguration section */
		37F0488322E36DFD00C21162 /* Debug */ = {
			isa = XCBuildConfiguration;
			buildSettings = {
				ALWAYS_SEARCH_USER_PATHS = NO;
				CLANG_ANALYZER_NONNULL = YES;
				CLANG_ANALYZER_NUMBER_OBJECT_CONVERSION = YES_AGGRESSIVE;
				CLANG_CXX_LANGUAGE_STANDARD = "gnu++14";
				CLANG_CXX_LIBRARY = "libc++";
				CLANG_ENABLE_MODULES = YES;
				CLANG_ENABLE_OBJC_ARC = YES;
				CLANG_ENABLE_OBJC_WEAK = YES;
				CLANG_WARN_BLOCK_CAPTURE_AUTORELEASING = YES;
				CLANG_WARN_BOOL_CONVERSION = YES;
				CLANG_WARN_COMMA = YES;
				CLANG_WARN_CONSTANT_CONVERSION = YES;
				CLANG_WARN_DEPRECATED_OBJC_IMPLEMENTATIONS = YES;
				CLANG_WARN_DIRECT_OBJC_ISA_USAGE = YES_ERROR;
				CLANG_WARN_DOCUMENTATION_COMMENTS = YES;
				CLANG_WARN_EMPTY_BODY = YES;
				CLANG_WARN_ENUM_CONVERSION = YES;
				CLANG_WARN_INFINITE_RECURSION = YES;
				CLANG_WARN_INT_CONVERSION = YES;
				CLANG_WARN_NON_LITERAL_NULL_CONVERSION = YES;
				CLANG_WARN_OBJC_IMPLICIT_RETAIN_SELF = YES;
				CLANG_WARN_OBJC_LITERAL_CONVERSION = YES;
				CLANG_WARN_OBJC_ROOT_CLASS = YES_ERROR;
				CLANG_WARN_RANGE_LOOP_ANALYSIS = YES;
				CLANG_WARN_STRICT_PROTOTYPES = YES;
				CLANG_WARN_SUSPICIOUS_MOVE = YES;
				CLANG_WARN_UNGUARDED_AVAILABILITY = YES_AGGRESSIVE;
				CLANG_WARN_UNREACHABLE_CODE = YES;
				CLANG_WARN__DUPLICATE_METHOD_MATCH = YES;
				CODE_SIGN_IDENTITY = "iPhone Developer";
				COPY_PHASE_STRIP = NO;
				DEBUG_INFORMATION_FORMAT = dwarf;
				ENABLE_STRICT_OBJC_MSGSEND = YES;
				ENABLE_TESTABILITY = YES;
				GCC_C_LANGUAGE_STANDARD = gnu11;
				GCC_DYNAMIC_NO_PIC = NO;
				GCC_NO_COMMON_BLOCKS = YES;
				GCC_OPTIMIZATION_LEVEL = 0;
				GCC_PREPROCESSOR_DEFINITIONS = (
					"DEBUG=1",
					"$(inherited)",
				);
				GCC_WARN_64_TO_32_BIT_CONVERSION = YES;
				GCC_WARN_ABOUT_RETURN_TYPE = YES_ERROR;
				GCC_WARN_UNDECLARED_SELECTOR = YES;
				GCC_WARN_UNINITIALIZED_AUTOS = YES_AGGRESSIVE;
				GCC_WARN_UNUSED_FUNCTION = YES;
				GCC_WARN_UNUSED_VARIABLE = YES;
				IPHONEOS_DEPLOYMENT_TARGET = 12.2;
				MTL_ENABLE_DEBUG_INFO = INCLUDE_SOURCE;
				MTL_FAST_MATH = YES;
				ONLY_ACTIVE_ARCH = YES;
				SDKROOT = iphoneos;
				SWIFT_ACTIVE_COMPILATION_CONDITIONS = DEBUG;
				SWIFT_OPTIMIZATION_LEVEL = "-Onone";
			};
			name = Debug;
		};
		37F0488422E36DFD00C21162 /* Release */ = {
			isa = XCBuildConfiguration;
			buildSettings = {
				ALWAYS_SEARCH_USER_PATHS = NO;
				CLANG_ANALYZER_NONNULL = YES;
				CLANG_ANALYZER_NUMBER_OBJECT_CONVERSION = YES_AGGRESSIVE;
				CLANG_CXX_LANGUAGE_STANDARD = "gnu++14";
				CLANG_CXX_LIBRARY = "libc++";
				CLANG_ENABLE_MODULES = YES;
				CLANG_ENABLE_OBJC_ARC = YES;
				CLANG_ENABLE_OBJC_WEAK = YES;
				CLANG_WARN_BLOCK_CAPTURE_AUTORELEASING = YES;
				CLANG_WARN_BOOL_CONVERSION = YES;
				CLANG_WARN_COMMA = YES;
				CLANG_WARN_CONSTANT_CONVERSION = YES;
				CLANG_WARN_DEPRECATED_OBJC_IMPLEMENTATIONS = YES;
				CLANG_WARN_DIRECT_OBJC_ISA_USAGE = YES_ERROR;
				CLANG_WARN_DOCUMENTATION_COMMENTS = YES;
				CLANG_WARN_EMPTY_BODY = YES;
				CLANG_WARN_ENUM_CONVERSION = YES;
				CLANG_WARN_INFINITE_RECURSION = YES;
				CLANG_WARN_INT_CONVERSION = YES;
				CLANG_WARN_NON_LITERAL_NULL_CONVERSION = YES;
				CLANG_WARN_OBJC_IMPLICIT_RETAIN_SELF = YES;
				CLANG_WARN_OBJC_LITERAL_CONVERSION = YES;
				CLANG_WARN_OBJC_ROOT_CLASS = YES_ERROR;
				CLANG_WARN_RANGE_LOOP_ANALYSIS = YES;
				CLANG_WARN_STRICT_PROTOTYPES = YES;
				CLANG_WARN_SUSPICIOUS_MOVE = YES;
				CLANG_WARN_UNGUARDED_AVAILABILITY = YES_AGGRESSIVE;
				CLANG_WARN_UNREACHABLE_CODE = YES;
				CLANG_WARN__DUPLICATE_METHOD_MATCH = YES;
				CODE_SIGN_IDENTITY = "iPhone Developer";
				COPY_PHASE_STRIP = NO;
				DEBUG_INFORMATION_FORMAT = "dwarf-with-dsym";
				ENABLE_NS_ASSERTIONS = NO;
				ENABLE_STRICT_OBJC_MSGSEND = YES;
				GCC_C_LANGUAGE_STANDARD = gnu11;
				GCC_NO_COMMON_BLOCKS = YES;
				GCC_WARN_64_TO_32_BIT_CONVERSION = YES;
				GCC_WARN_ABOUT_RETURN_TYPE = YES_ERROR;
				GCC_WARN_UNDECLARED_SELECTOR = YES;
				GCC_WARN_UNINITIALIZED_AUTOS = YES_AGGRESSIVE;
				GCC_WARN_UNUSED_FUNCTION = YES;
				GCC_WARN_UNUSED_VARIABLE = YES;
				IPHONEOS_DEPLOYMENT_TARGET = 12.2;
				MTL_ENABLE_DEBUG_INFO = NO;
				MTL_FAST_MATH = YES;
				SDKROOT = iphoneos;
				SWIFT_COMPILATION_MODE = wholemodule;
				SWIFT_OPTIMIZATION_LEVEL = "-O";
				VALIDATE_PRODUCT = YES;
			};
			name = Release;
		};
		37F0488622E36DFD00C21162 /* Debug */ = {
			isa = XCBuildConfiguration;
			baseConfigurationReference = CC693BA19FC7653F73807192 /* Pods-ToDoListFinal.debug.xcconfig */;
			buildSettings = {
				ASSETCATALOG_COMPILER_APPICON_NAME = AppIcon;
				CODE_SIGN_STYLE = Automatic;
				DEVELOPMENT_TEAM = J6L95PDYXK;
				INFOPLIST_FILE = ToDoListFinal/Info.plist;
				LD_RUNPATH_SEARCH_PATHS = (
					"$(inherited)",
					"@executable_path/Frameworks",
				);
				PRODUCT_BUNDLE_IDENTIFIER = edu.cis.ToDoListFinal;
				PRODUCT_NAME = "$(TARGET_NAME)";
				SWIFT_VERSION = 5.0;
				TARGETED_DEVICE_FAMILY = "1,2";
			};
			name = Debug;
		};
		37F0488722E36DFD00C21162 /* Release */ = {
			isa = XCBuildConfiguration;
			baseConfigurationReference = DD499AA466A8B1FA503C8E54 /* Pods-ToDoListFinal.release.xcconfig */;
			buildSettings = {
				ASSETCATALOG_COMPILER_APPICON_NAME = AppIcon;
				CODE_SIGN_STYLE = Automatic;
				DEVELOPMENT_TEAM = J6L95PDYXK;
				INFOPLIST_FILE = ToDoListFinal/Info.plist;
				LD_RUNPATH_SEARCH_PATHS = (
					"$(inherited)",
					"@executable_path/Frameworks",
				);
				PRODUCT_BUNDLE_IDENTIFIER = edu.cis.ToDoListFinal;
				PRODUCT_NAME = "$(TARGET_NAME)";
				SWIFT_VERSION = 5.0;
				TARGETED_DEVICE_FAMILY = "1,2";
			};
			name = Release;
		};
		37F0488922E36DFD00C21162 /* Debug */ = {
			isa = XCBuildConfiguration;
			baseConfigurationReference = 10C586A9DB1AFDA02B7E116F /* Pods-ToDoListFinalTests.debug.xcconfig */;
			buildSettings = {
				ALWAYS_EMBED_SWIFT_STANDARD_LIBRARIES = YES;
				BUNDLE_LOADER = "$(TEST_HOST)";
				CODE_SIGN_STYLE = Automatic;
				INFOPLIST_FILE = ToDoListFinalTests/Info.plist;
				LD_RUNPATH_SEARCH_PATHS = (
					"$(inherited)",
					"@executable_path/Frameworks",
					"@loader_path/Frameworks",
				);
				PRODUCT_BUNDLE_IDENTIFIER = edu.cis.ToDoListFinalTests;
				PRODUCT_NAME = "$(TARGET_NAME)";
				SWIFT_VERSION = 5.0;
				TARGETED_DEVICE_FAMILY = "1,2";
				TEST_HOST = "$(BUILT_PRODUCTS_DIR)/ToDoListFinal.app/ToDoListFinal";
			};
			name = Debug;
		};
		37F0488A22E36DFD00C21162 /* Release */ = {
			isa = XCBuildConfiguration;
			baseConfigurationReference = FD81EA0DEB6F7C85ACE0C46D /* Pods-ToDoListFinalTests.release.xcconfig */;
			buildSettings = {
				ALWAYS_EMBED_SWIFT_STANDARD_LIBRARIES = YES;
				BUNDLE_LOADER = "$(TEST_HOST)";
				CODE_SIGN_STYLE = Automatic;
				INFOPLIST_FILE = ToDoListFinalTests/Info.plist;
				LD_RUNPATH_SEARCH_PATHS = (
					"$(inherited)",
					"@executable_path/Frameworks",
					"@loader_path/Frameworks",
				);
				PRODUCT_BUNDLE_IDENTIFIER = edu.cis.ToDoListFinalTests;
				PRODUCT_NAME = "$(TARGET_NAME)";
				SWIFT_VERSION = 5.0;
				TARGETED_DEVICE_FAMILY = "1,2";
				TEST_HOST = "$(BUILT_PRODUCTS_DIR)/ToDoListFinal.app/ToDoListFinal";
			};
			name = Release;
		};
		37F0488C22E36DFD00C21162 /* Debug */ = {
			isa = XCBuildConfiguration;
			baseConfigurationReference = 5CB9700FFE760C16FD659739 /* Pods-ToDoListFinalUITests.debug.xcconfig */;
			buildSettings = {
				ALWAYS_EMBED_SWIFT_STANDARD_LIBRARIES = YES;
				CODE_SIGN_STYLE = Automatic;
				INFOPLIST_FILE = ToDoListFinalUITests/Info.plist;
				LD_RUNPATH_SEARCH_PATHS = (
					"$(inherited)",
					"@executable_path/Frameworks",
					"@loader_path/Frameworks",
				);
				PRODUCT_BUNDLE_IDENTIFIER = edu.cis.ToDoListFinalUITests;
				PRODUCT_NAME = "$(TARGET_NAME)";
				SWIFT_VERSION = 5.0;
				TARGETED_DEVICE_FAMILY = "1,2";
				TEST_TARGET_NAME = ToDoListFinal;
			};
			name = Debug;
		};
		37F0488D22E36DFD00C21162 /* Release */ = {
			isa = XCBuildConfiguration;
			baseConfigurationReference = D4B96222AE76E59A6751379D /* Pods-ToDoListFinalUITests.release.xcconfig */;
			buildSettings = {
				ALWAYS_EMBED_SWIFT_STANDARD_LIBRARIES = YES;
				CODE_SIGN_STYLE = Automatic;
				INFOPLIST_FILE = ToDoListFinalUITests/Info.plist;
				LD_RUNPATH_SEARCH_PATHS = (
					"$(inherited)",
					"@executable_path/Frameworks",
					"@loader_path/Frameworks",
				);
				PRODUCT_BUNDLE_IDENTIFIER = edu.cis.ToDoListFinalUITests;
				PRODUCT_NAME = "$(TARGET_NAME)";
				SWIFT_VERSION = 5.0;
				TARGETED_DEVICE_FAMILY = "1,2";
				TEST_TARGET_NAME = ToDoListFinal;
			};
			name = Release;
		};
/* End XCBuildConfiguration section */

/* Begin XCConfigurationList section */
		37F0485822E36DFB00C21162 /* Build configuration list for PBXProject "ToDoListFinal" */ = {
			isa = XCConfigurationList;
			buildConfigurations = (
				37F0488322E36DFD00C21162 /* Debug */,
				37F0488422E36DFD00C21162 /* Release */,
			);
			defaultConfigurationIsVisible = 0;
			defaultConfigurationName = Release;
		};
		37F0488522E36DFD00C21162 /* Build configuration list for PBXNativeTarget "ToDoListFinal" */ = {
			isa = XCConfigurationList;
			buildConfigurations = (
				37F0488622E36DFD00C21162 /* Debug */,
				37F0488722E36DFD00C21162 /* Release */,
			);
			defaultConfigurationIsVisible = 0;
			defaultConfigurationName = Release;
		};
		37F0488822E36DFD00C21162 /* Build configuration list for PBXNativeTarget "ToDoListFinalTests" */ = {
			isa = XCConfigurationList;
			buildConfigurations = (
				37F0488922E36DFD00C21162 /* Debug */,
				37F0488A22E36DFD00C21162 /* Release */,
			);
			defaultConfigurationIsVisible = 0;
			defaultConfigurationName = Release;
		};
		37F0488B22E36DFD00C21162 /* Build configuration list for PBXNativeTarget "ToDoListFinalUITests" */ = {
			isa = XCConfigurationList;
			buildConfigurations = (
				37F0488C22E36DFD00C21162 /* Debug */,
				37F0488D22E36DFD00C21162 /* Release */,
			);
			defaultConfigurationIsVisible = 0;
			defaultConfigurationName = Release;
		};
/* End XCConfigurationList section */
	};
	rootObject = 37F0485522E36DFB00C21162 /* Project object */;
}
